// !$*UTF8*$!
{
	archiveVersion = 1;
	classes = {
	};
	objectVersion = 50;
	objects = {

/* Begin PBXBuildFile section */
		231CC9F42579FB60001A3258 /* Day4.swift in Sources */ = {isa = PBXBuildFile; fileRef = 231CC9F32579FB60001A3258 /* Day4.swift */; };
		231CC9F7257E0566001A3258 /* Day5.swift in Sources */ = {isa = PBXBuildFile; fileRef = 231CC9F6257E0566001A3258 /* Day5.swift */; };
		231CC9FA257E0F12001A3258 /* Day6.swift in Sources */ = {isa = PBXBuildFile; fileRef = 231CC9F9257E0F12001A3258 /* Day6.swift */; };
		231CC9FD257E1070001A3258 /* Utils.swift in Sources */ = {isa = PBXBuildFile; fileRef = 231CC9FC257E1070001A3258 /* Utils.swift */; };
		231CCA01257E142D001A3258 /* Day7.swift in Sources */ = {isa = PBXBuildFile; fileRef = 231CCA00257E142D001A3258 /* Day7.swift */; };
		231CCA04257F443B001A3258 /* Day8.swift in Sources */ = {isa = PBXBuildFile; fileRef = 231CCA03257F443B001A3258 /* Day8.swift */; };
		231CCA07258143BD001A3258 /* Day9.swift in Sources */ = {isa = PBXBuildFile; fileRef = 231CCA06258143BD001A3258 /* Day9.swift */; };
		231CCA0A2581E53F001A3258 /* Day10.swift in Sources */ = {isa = PBXBuildFile; fileRef = 231CCA092581E53F001A3258 /* Day10.swift */; };
		23C84B0B2577444B00FC16F7 /* main.swift in Sources */ = {isa = PBXBuildFile; fileRef = 23C84B0A2577444B00FC16F7 /* main.swift */; };
		23C84B142577445900FC16F7 /* Day1.swift in Sources */ = {isa = PBXBuildFile; fileRef = 23C84B132577445900FC16F7 /* Day1.swift */; };
		23C84B172578938D00FC16F7 /* Day2.swift in Sources */ = {isa = PBXBuildFile; fileRef = 23C84B162578938D00FC16F7 /* Day2.swift */; };
		23C84B1A2578A9F200FC16F7 /* Day3.swift in Sources */ = {isa = PBXBuildFile; fileRef = 23C84B192578A9F200FC16F7 /* Day3.swift */; };
/* End PBXBuildFile section */

/* Begin PBXCopyFilesBuildPhase section */
		23C84B052577444B00FC16F7 /* CopyFiles */ = {
			isa = PBXCopyFilesBuildPhase;
			buildActionMask = 2147483647;
			dstPath = /usr/share/man/man1/;
			dstSubfolderSpec = 0;
			files = (
			);
			runOnlyForDeploymentPostprocessing = 1;
		};
/* End PBXCopyFilesBuildPhase section */

/* Begin PBXFileReference section */
		231CC9F32579FB60001A3258 /* Day4.swift */ = {isa = PBXFileReference; lastKnownFileType = sourcecode.swift; path = Day4.swift; sourceTree = "<group>"; };
		231CC9F6257E0566001A3258 /* Day5.swift */ = {isa = PBXFileReference; lastKnownFileType = sourcecode.swift; path = Day5.swift; sourceTree = "<group>"; };
		231CC9F9257E0F12001A3258 /* Day6.swift */ = {isa = PBXFileReference; lastKnownFileType = sourcecode.swift; path = Day6.swift; sourceTree = "<group>"; };
		231CC9FC257E1070001A3258 /* Utils.swift */ = {isa = PBXFileReference; lastKnownFileType = sourcecode.swift; path = Utils.swift; sourceTree = "<group>"; };
		231CCA00257E142D001A3258 /* Day7.swift */ = {isa = PBXFileReference; lastKnownFileType = sourcecode.swift; path = Day7.swift; sourceTree = "<group>"; };
		231CCA03257F443B001A3258 /* Day8.swift */ = {isa = PBXFileReference; lastKnownFileType = sourcecode.swift; path = Day8.swift; sourceTree = "<group>"; };
		231CCA06258143BD001A3258 /* Day9.swift */ = {isa = PBXFileReference; lastKnownFileType = sourcecode.swift; path = Day9.swift; sourceTree = "<group>"; };
		231CCA092581E53F001A3258 /* Day10.swift */ = {isa = PBXFileReference; lastKnownFileType = sourcecode.swift; path = Day10.swift; sourceTree = "<group>"; };
		23C84B072577444B00FC16F7 /* AdventOfCode2020 */ = {isa = PBXFileReference; explicitFileType = "compiled.mach-o.executable"; includeInIndex = 0; path = AdventOfCode2020; sourceTree = BUILT_PRODUCTS_DIR; };
		23C84B0A2577444B00FC16F7 /* main.swift */ = {isa = PBXFileReference; lastKnownFileType = sourcecode.swift; path = main.swift; sourceTree = "<group>"; };
		23C84B132577445900FC16F7 /* Day1.swift */ = {isa = PBXFileReference; lastKnownFileType = sourcecode.swift; path = Day1.swift; sourceTree = "<group>"; };
		23C84B162578938D00FC16F7 /* Day2.swift */ = {isa = PBXFileReference; lastKnownFileType = sourcecode.swift; path = Day2.swift; sourceTree = "<group>"; };
		23C84B192578A9F200FC16F7 /* Day3.swift */ = {isa = PBXFileReference; lastKnownFileType = sourcecode.swift; path = Day3.swift; sourceTree = "<group>"; };
/* End PBXFileReference section */

/* Begin PBXFrameworksBuildPhase section */
		23C84B042577444B00FC16F7 /* Frameworks */ = {
			isa = PBXFrameworksBuildPhase;
			buildActionMask = 2147483647;
			files = (
			);
			runOnlyForDeploymentPostprocessing = 0;
		};
/* End PBXFrameworksBuildPhase section */

/* Begin PBXGroup section */
		23C84AFE2577444B00FC16F7 = {
			isa = PBXGroup;
			children = (
				23C84B092577444B00FC16F7 /* AdventOfCode2020 */,
				23C84B082577444B00FC16F7 /* Products */,
			);
			sourceTree = "<group>";
		};
		23C84B082577444B00FC16F7 /* Products */ = {
			isa = PBXGroup;
			children = (
				23C84B072577444B00FC16F7 /* AdventOfCode2020 */,
			);
			name = Products;
			sourceTree = "<group>";
		};
		23C84B092577444B00FC16F7 /* AdventOfCode2020 */ = {
			isa = PBXGroup;
			children = (
				23C84B0A2577444B00FC16F7 /* main.swift */,
				231CC9FC257E1070001A3258 /* Utils.swift */,
				23C84B122577445100FC16F7 /* Days */,
			);
			path = AdventOfCode2020;
			sourceTree = "<group>";
		};
		23C84B122577445100FC16F7 /* Days */ = {
			isa = PBXGroup;
			children = (
				23C84B132577445900FC16F7 /* Day1.swift */,
				23C84B162578938D00FC16F7 /* Day2.swift */,
				23C84B192578A9F200FC16F7 /* Day3.swift */,
				231CC9F32579FB60001A3258 /* Day4.swift */,
				231CC9F6257E0566001A3258 /* Day5.swift */,
				231CC9F9257E0F12001A3258 /* Day6.swift */,
				231CCA00257E142D001A3258 /* Day7.swift */,
				231CCA03257F443B001A3258 /* Day8.swift */,
				231CCA06258143BD001A3258 /* Day9.swift */,
				231CCA092581E53F001A3258 /* Day10.swift */,
			);
			path = Days;
			sourceTree = "<group>";
		};
/* End PBXGroup section */

/* Begin PBXNativeTarget section */
		23C84B062577444B00FC16F7 /* AdventOfCode2020 */ = {
			isa = PBXNativeTarget;
			buildConfigurationList = 23C84B0E2577444B00FC16F7 /* Build configuration list for PBXNativeTarget "AdventOfCode2020" */;
			buildPhases = (
				23C84B032577444B00FC16F7 /* Sources */,
				23C84B042577444B00FC16F7 /* Frameworks */,
				23C84B052577444B00FC16F7 /* CopyFiles */,
			);
			buildRules = (
			);
			dependencies = (
			);
			name = AdventOfCode2020;
			productName = AdventOfCode2020;
			productReference = 23C84B072577444B00FC16F7 /* AdventOfCode2020 */;
			productType = "com.apple.product-type.tool";
		};
/* End PBXNativeTarget section */

/* Begin PBXProject section */
		23C84AFF2577444B00FC16F7 /* Project object */ = {
			isa = PBXProject;
			attributes = {
				LastSwiftUpdateCheck = 1220;
				LastUpgradeCheck = 1220;
				TargetAttributes = {
					23C84B062577444B00FC16F7 = {
						CreatedOnToolsVersion = 12.2;
					};
				};
			};
			buildConfigurationList = 23C84B022577444B00FC16F7 /* Build configuration list for PBXProject "AdventOfCode2020" */;
			compatibilityVersion = "Xcode 9.3";
			developmentRegion = en;
			hasScannedForEncodings = 0;
			knownRegions = (
				en,
				Base,
			);
			mainGroup = 23C84AFE2577444B00FC16F7;
			productRefGroup = 23C84B082577444B00FC16F7 /* Products */;
			projectDirPath = "";
			projectRoot = "";
			targets = (
				23C84B062577444B00FC16F7 /* AdventOfCode2020 */,
			);
		};
/* End PBXProject section */

/* Begin PBXSourcesBuildPhase section */
		23C84B032577444B00FC16F7 /* Sources */ = {
			isa = PBXSourcesBuildPhase;
			buildActionMask = 2147483647;
			files = (
				23C84B142577445900FC16F7 /* Day1.swift in Sources */,
				231CCA04257F443B001A3258 /* Day8.swift in Sources */,
				231CC9F42579FB60001A3258 /* Day4.swift in Sources */,
				23C84B172578938D00FC16F7 /* Day2.swift in Sources */,
				23C84B1A2578A9F200FC16F7 /* Day3.swift in Sources */,
				231CCA0A2581E53F001A3258 /* Day10.swift in Sources */,
				231CC9F7257E0566001A3258 /* Day5.swift in Sources */,
				231CCA07258143BD001A3258 /* Day9.swift in Sources */,
				231CC9FA257E0F12001A3258 /* Day6.swift in Sources */,
				23C84B0B2577444B00FC16F7 /* main.swift in Sources */,
				231CCA01257E142D001A3258 /* Day7.swift in Sources */,
				231CC9FD257E1070001A3258 /* Utils.swift in Sources */,
			);
			runOnlyForDeploymentPostprocessing = 0;
		};
/* End PBXSourcesBuildPhase section */

/* Begin XCBuildConfiguration section */
		23C84B0C2577444B00FC16F7 /* Debug */ = {
			isa = XCBuildConfiguration;
			buildSettings = {
				ALWAYS_SEARCH_USER_PATHS = NO;
				CLANG_ANALYZER_NONNULL = YES;
				CLANG_ANALYZER_NUMBER_OBJECT_CONVERSION = YES_AGGRESSIVE;
				CLANG_CXX_LANGUAGE_STANDARD = "gnu++14";
				CLANG_CXX_LIBRARY = "libc++";
				CLANG_ENABLE_MODULES = YES;
				CLANG_ENABLE_OBJC_ARC = YES;
				CLANG_ENABLE_OBJC_WEAK = YES;
				CLANG_WARN_BLOCK_CAPTURE_AUTORELEASING = YES;
				CLANG_WARN_BOOL_CONVERSION = YES;
				CLANG_WARN_COMMA = YES;
				CLANG_WARN_CONSTANT_CONVERSION = YES;
				CLANG_WARN_DEPRECATED_OBJC_IMPLEMENTATIONS = YES;
				CLANG_WARN_DIRECT_OBJC_ISA_USAGE = YES_ERROR;
				CLANG_WARN_DOCUMENTATION_COMMENTS = YES;
				CLANG_WARN_EMPTY_BODY = YES;
				CLANG_WARN_ENUM_CONVERSION = YES;
				CLANG_WARN_INFINITE_RECURSION = YES;
				CLANG_WARN_INT_CONVERSION = YES;
				CLANG_WARN_NON_LITERAL_NULL_CONVERSION = YES;
				CLANG_WARN_OBJC_IMPLICIT_RETAIN_SELF = YES;
				CLANG_WARN_OBJC_LITERAL_CONVERSION = YES;
				CLANG_WARN_OBJC_ROOT_CLASS = YES_ERROR;
				CLANG_WARN_QUOTED_INCLUDE_IN_FRAMEWORK_HEADER = YES;
				CLANG_WARN_RANGE_LOOP_ANALYSIS = YES;
				CLANG_WARN_STRICT_PROTOTYPES = YES;
				CLANG_WARN_SUSPICIOUS_MOVE = YES;
				CLANG_WARN_UNGUARDED_AVAILABILITY = YES_AGGRESSIVE;
				CLANG_WARN_UNREACHABLE_CODE = YES;
				CLANG_WARN__DUPLICATE_METHOD_MATCH = YES;
				COPY_PHASE_STRIP = NO;
				DEBUG_INFORMATION_FORMAT = dwarf;
				ENABLE_STRICT_OBJC_MSGSEND = YES;
				ENABLE_TESTABILITY = YES;
				GCC_C_LANGUAGE_STANDARD = gnu11;
				GCC_DYNAMIC_NO_PIC = NO;
				GCC_NO_COMMON_BLOCKS = YES;
				GCC_OPTIMIZATION_LEVEL = 0;
				GCC_PREPROCESSOR_DEFINITIONS = (
					"DEBUG=1",
					"$(inherited)",
				);
				GCC_WARN_64_TO_32_BIT_CONVERSION = YES;
				GCC_WARN_ABOUT_RETURN_TYPE = YES_ERROR;
				GCC_WARN_UNDECLARED_SELECTOR = YES;
				GCC_WARN_UNINITIALIZED_AUTOS = YES_AGGRESSIVE;
				GCC_WARN_UNUSED_FUNCTION = YES;
				GCC_WARN_UNUSED_VARIABLE = YES;
				MACOSX_DEPLOYMENT_TARGET = 11.0;
				MTL_ENABLE_DEBUG_INFO = INCLUDE_SOURCE;
				MTL_FAST_MATH = YES;
				ONLY_ACTIVE_ARCH = YES;
				SDKROOT = macosx;
				SWIFT_ACTIVE_COMPILATION_CONDITIONS = DEBUG;
				SWIFT_OPTIMIZATION_LEVEL = "-Onone";
			};
			name = Debug;
		};
		23C84B0D2577444B00FC16F7 /* Release */ = {
			isa = XCBuildConfiguration;
			buildSettings = {
				ALWAYS_SEARCH_USER_PATHS = NO;
				CLANG_ANALYZER_NONNULL = YES;
				CLANG_ANALYZER_NUMBER_OBJECT_CONVERSION = YES_AGGRESSIVE;
				CLANG_CXX_LANGUAGE_STANDARD = "gnu++14";
				CLANG_CXX_LIBRARY = "libc++";
				CLANG_ENABLE_MODULES = YES;
				CLANG_ENABLE_OBJC_ARC = YES;
				CLANG_ENABLE_OBJC_WEAK = YES;
				CLANG_WARN_BLOCK_CAPTURE_AUTORELEASING = YES;
				CLANG_WARN_BOOL_CONVERSION = YES;
				CLANG_WARN_COMMA = YES;
				CLANG_WARN_CONSTANT_CONVERSION = YES;
				CLANG_WARN_DEPRECATED_OBJC_IMPLEMENTATIONS = YES;
				CLANG_WARN_DIRECT_OBJC_ISA_USAGE = YES_ERROR;
				CLANG_WARN_DOCUMENTATION_COMMENTS = YES;
				CLANG_WARN_EMPTY_BODY = YES;
				CLANG_WARN_ENUM_CONVERSION = YES;
				CLANG_WARN_INFINITE_RECURSION = YES;
				CLANG_WARN_INT_CONVERSION = YES;
				CLANG_WARN_NON_LITERAL_NULL_CONVERSION = YES;
				CLANG_WARN_OBJC_IMPLICIT_RETAIN_SELF = YES;
				CLANG_WARN_OBJC_LITERAL_CONVERSION = YES;
				CLANG_WARN_OBJC_ROOT_CLASS = YES_ERROR;
				CLANG_WARN_QUOTED_INCLUDE_IN_FRAMEWORK_HEADER = YES;
				CLANG_WARN_RANGE_LOOP_ANALYSIS = YES;
				CLANG_WARN_STRICT_PROTOTYPES = YES;
				CLANG_WARN_SUSPICIOUS_MOVE = YES;
				CLANG_WARN_UNGUARDED_AVAILABILITY = YES_AGGRESSIVE;
				CLANG_WARN_UNREACHABLE_CODE = YES;
				CLANG_WARN__DUPLICATE_METHOD_MATCH = YES;
				COPY_PHASE_STRIP = NO;
				DEBUG_INFORMATION_FORMAT = "dwarf-with-dsym";
				ENABLE_NS_ASSERTIONS = NO;
				ENABLE_STRICT_OBJC_MSGSEND = YES;
				GCC_C_LANGUAGE_STANDARD = gnu11;
				GCC_NO_COMMON_BLOCKS = YES;
				GCC_WARN_64_TO_32_BIT_CONVERSION = YES;
				GCC_WARN_ABOUT_RETURN_TYPE = YES_ERROR;
				GCC_WARN_UNDECLARED_SELECTOR = YES;
				GCC_WARN_UNINITIALIZED_AUTOS = YES_AGGRESSIVE;
				GCC_WARN_UNUSED_FUNCTION = YES;
				GCC_WARN_UNUSED_VARIABLE = YES;
				MACOSX_DEPLOYMENT_TARGET = 11.0;
				MTL_ENABLE_DEBUG_INFO = NO;
				MTL_FAST_MATH = YES;
				SDKROOT = macosx;
				SWIFT_COMPILATION_MODE = wholemodule;
				SWIFT_OPTIMIZATION_LEVEL = "-O";
			};
			name = Release;
		};
		23C84B0F2577444B00FC16F7 /* Debug */ = {
			isa = XCBuildConfiguration;
			buildSettings = {
				CODE_SIGN_STYLE = Automatic;
				DEVELOPMENT_TEAM = 8QS47FHTV5;
				ENABLE_HARDENED_RUNTIME = YES;
				PRODUCT_NAME = "$(TARGET_NAME)";
				SWIFT_VERSION = 5.0;
			};
			name = Debug;
		};
		23C84B102577444B00FC16F7 /* Release */ = {
			isa = XCBuildConfiguration;
			buildSettings = {
				CODE_SIGN_STYLE = Automatic;
				DEVELOPMENT_TEAM = 8QS47FHTV5;
				ENABLE_HARDENED_RUNTIME = YES;
				PRODUCT_NAME = "$(TARGET_NAME)";
				SWIFT_VERSION = 5.0;
			};
			name = Release;
		};
/* End XCBuildConfiguration section */

/* Begin XCConfigurationList section */
		23C84B022577444B00FC16F7 /* Build configuration list for PBXProject "AdventOfCode2020" */ = {
			isa = XCConfigurationList;
			buildConfigurations = (
				23C84B0C2577444B00FC16F7 /* Debug */,
				23C84B0D2577444B00FC16F7 /* Release */,
			);
			defaultConfigurationIsVisible = 0;
			defaultConfigurationName = Release;
		};
		23C84B0E2577444B00FC16F7 /* Build configuration list for PBXNativeTarget "AdventOfCode2020" */ = {
			isa = XCConfigurationList;
			buildConfigurations = (
				23C84B0F2577444B00FC16F7 /* Debug */,
				23C84B102577444B00FC16F7 /* Release */,
			);
			defaultConfigurationIsVisible = 0;
			defaultConfigurationName = Release;
		};
/* End XCConfigurationList section */
	};
	rootObject = 23C84AFF2577444B00FC16F7 /* Project object */;
}
